
Microsoft Visual Studio Solution File, Format Version 12.00
# Visual Studio Version 16
VisualStudioVersion = 16.0.29613.14
MinimumVisualStudioVersion = 10.0.40219.1
Project("{FAE04EC0-301F-11D3-BF4B-00C04F79EFBC}") = "VaiVoa", "VaiVoa\VaiVoa.csproj", "{AB838D14-623F-4E7E-8191-B6A43EE8EE08}"
EndProject
Global
	GlobalSection(SolutionConfigurationPlatforms) = preSolution
		Debug|Any CPU = Debug|Any CPU
		Release|Any CPU = Release|Any CPU
	EndGlobalSection
	GlobalSection(ProjectConfigurationPlatforms) = postSolution
		{AB838D14-623F-4E7E-8191-B6A43EE8EE08}.Debug|Any CPU.ActiveCfg = Debug|Any CPU
		{AB838D14-623F-4E7E-8191-B6A43EE8EE08}.Debug|Any CPU.Build.0 = Debug|Any CPU
		{AB838D14-623F-4E7E-8191-B6A43EE8EE08}.Release|Any CPU.ActiveCfg = Release|Any CPU
		{AB838D14-623F-4E7E-8191-B6A43EE8EE08}.Release|Any CPU.Build.0 = Release|Any CPU
	EndGlobalSection
	GlobalSection(SolutionProperties) = preSolution
		HideSolutionNode = FALSE
	EndGlobalSection
	GlobalSection(ExtensibilityGlobals) = postSolution
		SolutionGuid = {E8A12EBB-BD4D-4562-B263-AA9746F16B53}
	EndGlobalSection
EndGlobal
